{
  "name": "pulse-js-framework",
  "version": "1.7.26",
  "lockfileVersion": 3,
  "requires": true,
  "packages": {
    "": {
      "name": "pulse-js-framework",
      "version": "1.7.26",
      "license": "MIT",
      "bin": {
        "pulse": "cli/index.js"
      },
      "devDependencies": {},
      "engines": {
        "node": ">=18.0.0"
      }
    }
  }
}
