{
  "name": "ios-pulse",
  "version": "1.0.0",
  "lockfileVersion": 3,
  "requires": true,
  "packages": {
    "": {
      "name": "ios-pulse",
      "version": "1.0.0",
      "devDependencies": {
        "pulse-js-framework": "file:../.."
      }
    },
    "../..": {
      "version": "1.7.3",
      "dev": true,
      "license": "MIT",
      "bin": {
        "pulse": "cli/index.js"
      },
      "devDependencies": {},
      "engines": {
        "node": ">=18.0.0"
      }
    },
    "node_modules/pulse-js-framework": {
      "resolved": "../..",
      "link": true
    }
  }
}
